// !$*UTF8*$!
{
	archiveVersion = 1;
	classes = {
	};
	objectVersion = 77;
	objects = {

/* Begin PBXContainerItemProxy section */
		DCC1F1602D81E84A00F9C4FB /* PBXContainerItemProxy */ = {
			isa = PBXContainerItemProxy;
			containerPortal = DCC1F1412D81E84900F9C4FB /* Project object */;
			proxyType = 1;
			remoteGlobalIDString = DCC1F1482D81E84900F9C4FB;
			remoteInfo = "Meal Tracker";
		};
		DCC1F16A2D81E84A00F9C4FB /* PBXContainerItemProxy */ = {
			isa = PBXContainerItemProxy;
			containerPortal = DCC1F1412D81E84900F9C4FB /* Project object */;
			proxyType = 1;
			remoteGlobalIDString = DCC1F1482D81E84900F9C4FB;
			remoteInfo = "Meal Tracker";
		};
/* End PBXContainerItemProxy section */

/* Begin PBXFileReference section */
		DCC1F1492D81E84900F9C4FB /* Meal Tracker.app */ = {isa = PBXFileReference; explicitFileType = wrapper.application; includeInIndex = 0; path = "Meal Tracker.app"; sourceTree = BUILT_PRODUCTS_DIR; };
		DCC1F15F2D81E84A00F9C4FB /* Meal TrackerTests.xctest */ = {isa = PBXFileReference; explicitFileType = wrapper.cfbundle; includeInIndex = 0; path = "Meal TrackerTests.xctest"; sourceTree = BUILT_PRODUCTS_DIR; };
		DCC1F1692D81E84A00F9C4FB /* Meal TrackerUITests.xctest */ = {isa = PBXFileReference; explicitFileType = wrapper.cfbundle; includeInIndex = 0; path = "Meal TrackerUITests.xctest"; sourceTree = BUILT_PRODUCTS_DIR; };
/* End PBXFileReference section */

/* Begin PBXFileSystemSynchronizedBuildFileExceptionSet section */
		DCC1F1712D81E84A00F9C4FB /* Exceptions for "Meal Tracker" folder in "Meal Tracker" target */ = {
			isa = PBXFileSystemSynchronizedBuildFileExceptionSet;
			membershipExceptions = (
				Info.plist,
			);
			target = DCC1F1482D81E84900F9C4FB /* Meal Tracker */;
		};
/* End PBXFileSystemSynchronizedBuildFileExceptionSet section */

/* Begin PBXFileSystemSynchronizedRootGroup section */
		DCC1F14B2D81E84900F9C4FB /* Meal Tracker */ = {
			isa = PBXFileSystemSynchronizedRootGroup;
			exceptions = (
				DCC1F1712D81E84A00F9C4FB /* Exceptions for "Meal Tracker" folder in "Meal Tracker" target */,
			);
			path = "Meal Tracker";
			sourceTree = "<group>";
		};
		DCC1F1622D81E84A00F9C4FB /* Meal TrackerTests */ = {
			isa = PBXFileSystemSynchronizedRootGroup;
			path = "Meal TrackerTests";
			sourceTree = "<group>";
		};
		DCC1F16C2D81E84A00F9C4FB /* Meal TrackerUITests */ = {
			isa = PBXFileSystemSynchronizedRootGroup;
			path = "Meal TrackerUITests";
			sourceTree = "<group>";
		};
/* End PBXFileSystemSynchronizedRootGroup section */

/* Begin PBXFrameworksBuildPhase section */
		DCC1F1462D81E84900F9C4FB /* Frameworks */ = {
			isa = PBXFrameworksBuildPhase;
			buildActionMask = 2147483647;
			files = (
			);
			runOnlyForDeploymentPostprocessing = 0;
		};
		DCC1F15C2D81E84A00F9C4FB /* Frameworks */ = {
			isa = PBXFrameworksBuildPhase;
			buildActionMask = 2147483647;
			files = (
			);
			runOnlyForDeploymentPostprocessing = 0;
		};
		DCC1F1662D81E84A00F9C4FB /* Frameworks */ = {
			isa = PBXFrameworksBuildPhase;
			buildActionMask = 2147483647;
			files = (
			);
			runOnlyForDeploymentPostprocessing = 0;
		};
/* End PBXFrameworksBuildPhase section */

/* Begin PBXGroup section */
		DCC1F1402D81E84900F9C4FB = {
			isa = PBXGroup;
			children = (
				DCC1F14B2D81E84900F9C4FB /* Meal Tracker */,
				DCC1F1622D81E84A00F9C4FB /* Meal TrackerTests */,
				DCC1F16C2D81E84A00F9C4FB /* Meal TrackerUITests */,
				DCC1F14A2D81E84900F9C4FB /* Products */,
			);
			sourceTree = "<group>";
		};
		DCC1F14A2D81E84900F9C4FB /* Products */ = {
			isa = PBXGroup;
			children = (
				DCC1F1492D81E84900F9C4FB /* Meal Tracker.app */,
				DCC1F15F2D81E84A00F9C4FB /* Meal TrackerTests.xctest */,
				DCC1F1692D81E84A00F9C4FB /* Meal TrackerUITests.xctest */,
			);
			name = Products;
			sourceTree = "<group>";
		};
/* End PBXGroup section */

/* Begin PBXNativeTarget section */
		DCC1F1482D81E84900F9C4FB /* Meal Tracker */ = {
			isa = PBXNativeTarget;
			buildConfigurationList = DCC1F1722D81E84A00F9C4FB /* Build configuration list for PBXNativeTarget "Meal Tracker" */;
			buildPhases = (
				DCC1F1452D81E84900F9C4FB /* Sources */,
				DCC1F1462D81E84900F9C4FB /* Frameworks */,
				DCC1F1472D81E84900F9C4FB /* Resources */,
			);
			buildRules = (
			);
			dependencies = (
			);
			fileSystemSynchronizedGroups = (
				DCC1F14B2D81E84900F9C4FB /* Meal Tracker */,
			);
			name = "Meal Tracker";
			packageProductDependencies = (
			);
			productName = "Meal Tracker";
			productReference = DCC1F1492D81E84900F9C4FB /* Meal Tracker.app */;
			productType = "com.apple.product-type.application";
		};
		DCC1F15E2D81E84A00F9C4FB /* Meal TrackerTests */ = {
			isa = PBXNativeTarget;
			buildConfigurationList = DCC1F1772D81E84A00F9C4FB /* Build configuration list for PBXNativeTarget "Meal TrackerTests" */;
			buildPhases = (
				DCC1F15B2D81E84A00F9C4FB /* Sources */,
				DCC1F15C2D81E84A00F9C4FB /* Frameworks */,
				DCC1F15D2D81E84A00F9C4FB /* Resources */,
			);
			buildRules = (
			);
			dependencies = (
				DCC1F1612D81E84A00F9C4FB /* PBXTargetDependency */,
			);
			fileSystemSynchronizedGroups = (
				DCC1F1622D81E84A00F9C4FB /* Meal TrackerTests */,
			);
			name = "Meal TrackerTests";
			packageProductDependencies = (
			);
			productName = "Meal TrackerTests";
			productReference = DCC1F15F2D81E84A00F9C4FB /* Meal TrackerTests.xctest */;
			productType = "com.apple.product-type.bundle.unit-test";
		};
		DCC1F1682D81E84A00F9C4FB /* Meal TrackerUITests */ = {
			isa = PBXNativeTarget;
			buildConfigurationList = DCC1F17A2D81E84A00F9C4FB /* Build configuration list for PBXNativeTarget "Meal TrackerUITests" */;
			buildPhases = (
				DCC1F1652D81E84A00F9C4FB /* Sources */,
				DCC1F1662D81E84A00F9C4FB /* Frameworks */,
				DCC1F1672D81E84A00F9C4FB /* Resources */,
			);
			buildRules = (
			);
			dependencies = (
				DCC1F16B2D81E84A00F9C4FB /* PBXTargetDependency */,
			);
			fileSystemSynchronizedGroups = (
				DCC1F16C2D81E84A00F9C4FB /* Meal TrackerUITests */,
			);
			name = "Meal TrackerUITests";
			packageProductDependencies = (
			);
			productName = "Meal TrackerUITests";
			productReference = DCC1F1692D81E84A00F9C4FB /* Meal TrackerUITests.xctest */;
			productType = "com.apple.product-type.bundle.ui-testing";
		};
/* End PBXNativeTarget section */

/* Begin PBXProject section */
		DCC1F1412D81E84900F9C4FB /* Project object */ = {
			isa = PBXProject;
			attributes = {
				BuildIndependentTargetsInParallel = 1;
				LastSwiftUpdateCheck = 1620;
				LastUpgradeCheck = 1620;
				TargetAttributes = {
					DCC1F1482D81E84900F9C4FB = {
						CreatedOnToolsVersion = 16.2;
					};
					DCC1F15E2D81E84A00F9C4FB = {
						CreatedOnToolsVersion = 16.2;
						TestTargetID = DCC1F1482D81E84900F9C4FB;
					};
					DCC1F1682D81E84A00F9C4FB = {
						CreatedOnToolsVersion = 16.2;
						TestTargetID = DCC1F1482D81E84900F9C4FB;
					};
				};
			};
			buildConfigurationList = DCC1F1442D81E84900F9C4FB /* Build configuration list for PBXProject "Meal Tracker" */;
			developmentRegion = en;
			hasScannedForEncodings = 0;
			knownRegions = (
				en,
				Base,
			);
			mainGroup = DCC1F1402D81E84900F9C4FB;
			minimizedProjectReferenceProxies = 1;
			preferredProjectObjectVersion = 77;
			productRefGroup = DCC1F14A2D81E84900F9C4FB /* Products */;
			projectDirPath = "";
			projectRoot = "";
			targets = (
				DCC1F1482D81E84900F9C4FB /* Meal Tracker */,
				DCC1F15E2D81E84A00F9C4FB /* Meal TrackerTests */,
				DCC1F1682D81E84A00F9C4FB /* Meal TrackerUITests */,
			);
		};
/* End PBXProject section */

/* Begin PBXResourcesBuildPhase section */
		DCC1F1472D81E84900F9C4FB /* Resources */ = {
			isa = PBXResourcesBuildPhase;
			buildActionMask = 2147483647;
			files = (
			);
			runOnlyForDeploymentPostprocessing = 0;
		};
		DCC1F15D2D81E84A00F9C4FB /* Resources */ = {
			isa = PBXResourcesBuildPhase;
			buildActionMask = 2147483647;
			files = (
			);
			runOnlyForDeploymentPostprocessing = 0;
		};
		DCC1F1672D81E84A00F9C4FB /* Resources */ = {
			isa = PBXResourcesBuildPhase;
			buildActionMask = 2147483647;
			files = (
			);
			runOnlyForDeploymentPostprocessing = 0;
		};
/* End PBXResourcesBuildPhase section */

/* Begin PBXSourcesBuildPhase section */
		DCC1F1452D81E84900F9C4FB /* Sources */ = {
			isa = PBXSourcesBuildPhase;
			buildActionMask = 2147483647;
			files = (
			);
			runOnlyForDeploymentPostprocessing = 0;
		};
		DCC1F15B2D81E84A00F9C4FB /* Sources */ = {
			isa = PBXSourcesBuildPhase;
			buildActionMask = 2147483647;
			files = (
			);
			runOnlyForDeploymentPostprocessing = 0;
		};
		DCC1F1652D81E84A00F9C4FB /* Sources */ = {
			isa = PBXSourcesBuildPhase;
			buildActionMask = 2147483647;
			files = (
			);
			runOnlyForDeploymentPostprocessing = 0;
		};
/* End PBXSourcesBuildPhase section */

/* Begin PBXTargetDependency section */
		DCC1F1612D81E84A00F9C4FB /* PBXTargetDependency */ = {
			isa = PBXTargetDependency;
			target = DCC1F1482D81E84900F9C4FB /* Meal Tracker */;
			targetProxy = DCC1F1602D81E84A00F9C4FB /* PBXContainerItemProxy */;
		};
		DCC1F16B2D81E84A00F9C4FB /* PBXTargetDependency */ = {
			isa = PBXTargetDependency;
			target = DCC1F1482D81E84900F9C4FB /* Meal Tracker */;
			targetProxy = DCC1F16A2D81E84A00F9C4FB /* PBXContainerItemProxy */;
		};
/* End PBXTargetDependency section */

/* Begin XCBuildConfiguration section */
		DCC1F1732D81E84A00F9C4FB /* Debug */ = {
			isa = XCBuildConfiguration;
			buildSettings = {
				ASSETCATALOG_COMPILER_APPICON_NAME = AppIcon;
				ASSETCATALOG_COMPILER_GLOBAL_ACCENT_COLOR_NAME = AccentColor;
				CODE_SIGN_STYLE = Automatic;
				CURRENT_PROJECT_VERSION = 1;
				GENERATE_INFOPLIST_FILE = YES;
				INFOPLIST_FILE = "Meal Tracker/Info.plist";
				INFOPLIST_KEY_UIApplicationSupportsIndirectInputEvents = YES;
				INFOPLIST_KEY_UILaunchStoryboardName = LaunchScreen;
				INFOPLIST_KEY_UIMainStoryboardFile = Main;
				INFOPLIST_KEY_UISupportedInterfaceOrientations_iPad = "UIInterfaceOrientationPortrait UIInterfaceOrientationPortraitUpsideDown UIInterfaceOrientationLandscapeLeft UIInterfaceOrientationLandscapeRight";
				INFOPLIST_KEY_UISupportedInterfaceOrientations_iPhone = "UIInterfaceOrientationPortrait UIInterfaceOrientationLandscapeLeft UIInterfaceOrientationLandscapeRight";
				LD_RUNPATH_SEARCH_PATHS = (
					"$(inherited)",
					"@executable_path/Frameworks",
				);
				MARKETING_VERSION = 1.0;
				PRODUCT_BUNDLE_IDENTIFIER = "com.HaydenBoss.Meal-Tracker";
				PRODUCT_NAME = "$(TARGET_NAME)";
				SWIFT_EMIT_LOC_STRINGS = YES;
				SWIFT_VERSION = 5.0;
				TARGETED_DEVICE_FAMILY = "1,2";
			};
			name = Debug;
		};
		DCC1F1742D81E84A00F9C4FB /* Release */ = {
			isa = XCBuildConfiguration;
			buildSettings = {
				ASSETCATALOG_COMPILER_APPICON_NAME = AppIcon;
				ASSETCATALOG_COMPILER_GLOBAL_ACCENT_COLOR_NAME = AccentColor;
				CODE_SIGN_STYLE = Automatic;
				CURRENT_PROJECT_VERSION = 1;
				GENERATE_INFOPLIST_FILE = YES;
				INFOPLIST_FILE = "Meal Tracker/Info.plist";
				INFOPLIST_KEY_UIApplicationSupportsIndirectInputEvents = YES;
				INFOPLIST_KEY_UILaunchStoryboardName = LaunchScreen;
				INFOPLIST_KEY_UIMainStoryboardFile = Main;
				INFOPLIST_KEY_UISupportedInterfaceOrientations_iPad = "UIInterfaceOrientationPortrait UIInterfaceOrientationPortraitUpsideDown UIInterfaceOrientationLandscapeLeft UIInterfaceOrientationLandscapeRight";
				INFOPLIST_KEY_UISupportedInterfaceOrientations_iPhone = "UIInterfaceOrientationPortrait UIInterfaceOrientationLandscapeLeft UIInterfaceOrientationLandscapeRight";
				LD_RUNPATH_SEARCH_PATHS = (
					"$(inherited)",
					"@executable_path/Frameworks",
				);
				MARKETING_VERSION = 1.0;
				PRODUCT_BUNDLE_IDENTIFIER = "com.HaydenBoss.Meal-Tracker";
				PRODUCT_NAME = "$(TARGET_NAME)";
				SWIFT_EMIT_LOC_STRINGS = YES;
				SWIFT_VERSION = 5.0;
				TARGETED_DEVICE_FAMILY = "1,2";
			};
			name = Release;
		};
		DCC1F1752D81E84A00F9C4FB /* Debug */ = {
			isa = XCBuildConfiguration;
			buildSettings = {
				ALWAYS_SEARCH_USER_PATHS = NO;
				ASSETCATALOG_COMPILER_GENERATE_SWIFT_ASSET_SYMBOL_EXTENSIONS = YES;
				CLANG_ANALYZER_NONNULL = YES;
				CLANG_ANALYZER_NUMBER_OBJECT_CONVERSION = YES_AGGRESSIVE;
				CLANG_CXX_LANGUAGE_STANDARD = "gnu++20";
				CLANG_ENABLE_MODULES = YES;
				CLANG_ENABLE_OBJC_ARC = YES;
				CLANG_ENABLE_OBJC_WEAK = YES;
				CLANG_WARN_BLOCK_CAPTURE_AUTORELEASING = YES;
				CLANG_WARN_BOOL_CONVERSION = YES;
				CLANG_WARN_COMMA = YES;
				CLANG_WARN_CONSTANT_CONVERSION = YES;
				CLANG_WARN_DEPRECATED_OBJC_IMPLEMENTATIONS = YES;
				CLANG_WARN_DIRECT_OBJC_ISA_USAGE = YES_ERROR;
				CLANG_WARN_DOCUMENTATION_COMMENTS = YES;
				CLANG_WARN_EMPTY_BODY = YES;
				CLANG_WARN_ENUM_CONVERSION = YES;
				CLANG_WARN_INFINITE_RECURSION = YES;
				CLANG_WARN_INT_CONVERSION = YES;
				CLANG_WARN_NON_LITERAL_NULL_CONVERSION = YES;
				CLANG_WARN_OBJC_IMPLICIT_RETAIN_SELF = YES;
				CLANG_WARN_OBJC_LITERAL_CONVERSION = YES;
				CLANG_WARN_OBJC_ROOT_CLASS = YES_ERROR;
				CLANG_WARN_QUOTED_INCLUDE_IN_FRAMEWORK_HEADER = YES;
				CLANG_WARN_RANGE_LOOP_ANALYSIS = YES;
				CLANG_WARN_STRICT_PROTOTYPES = YES;
				CLANG_WARN_SUSPICIOUS_MOVE = YES;
				CLANG_WARN_UNGUARDED_AVAILABILITY = YES_AGGRESSIVE;
				CLANG_WARN_UNREACHABLE_CODE = YES;
				CLANG_WARN__DUPLICATE_METHOD_MATCH = YES;
				COPY_PHASE_STRIP = NO;
				DEBUG_INFORMATION_FORMAT = dwarf;
				ENABLE_STRICT_OBJC_MSGSEND = YES;
				ENABLE_TESTABILITY = YES;
				ENABLE_USER_SCRIPT_SANDBOXING = YES;
				GCC_C_LANGUAGE_STANDARD = gnu17;
				GCC_DYNAMIC_NO_PIC = NO;
				GCC_NO_COMMON_BLOCKS = YES;
				GCC_OPTIMIZATION_LEVEL = 0;
				GCC_PREPROCESSOR_DEFINITIONS = (
					"DEBUG=1",
					"$(inherited)",
				);
				GCC_WARN_64_TO_32_BIT_CONVERSION = YES;
				GCC_WARN_ABOUT_RETURN_TYPE = YES_ERROR;
				GCC_WARN_UNDECLARED_SELECTOR = YES;
				GCC_WARN_UNINITIALIZED_AUTOS = YES_AGGRESSIVE;
				GCC_WARN_UNUSED_FUNCTION = YES;
				GCC_WARN_UNUSED_VARIABLE = YES;
				IPHONEOS_DEPLOYMENT_TARGET = 18.2;
				LOCALIZATION_PREFERS_STRING_CATALOGS = YES;
				MTL_ENABLE_DEBUG_INFO = INCLUDE_SOURCE;
				MTL_FAST_MATH = YES;
				ONLY_ACTIVE_ARCH = YES;
				SDKROOT = iphoneos;
				SWIFT_ACTIVE_COMPILATION_CONDITIONS = "DEBUG $(inherited)";
				SWIFT_OPTIMIZATION_LEVEL = "-Onone";
			};
			name = Debug;
		};
		DCC1F1762D81E84A00F9C4FB /* Release */ = {
			isa = XCBuildConfiguration;
			buildSettings = {
				ALWAYS_SEARCH_USER_PATHS = NO;
				ASSETCATALOG_COMPILER_GENERATE_SWIFT_ASSET_SYMBOL_EXTENSIONS = YES;
				CLANG_ANALYZER_NONNULL = YES;
				CLANG_ANALYZER_NUMBER_OBJECT_CONVERSION = YES_AGGRESSIVE;
				CLANG_CXX_LANGUAGE_STANDARD = "gnu++20";
				CLANG_ENABLE_MODULES = YES;
				CLANG_ENABLE_OBJC_ARC = YES;
				CLANG_ENABLE_OBJC_WEAK = YES;
				CLANG_WARN_BLOCK_CAPTURE_AUTORELEASING = YES;
				CLANG_WARN_BOOL_CONVERSION = YES;
				CLANG_WARN_COMMA = YES;
				CLANG_WARN_CONSTANT_CONVERSION = YES;
				CLANG_WARN_DEPRECATED_OBJC_IMPLEMENTATIONS = YES;
				CLANG_WARN_DIRECT_OBJC_ISA_USAGE = YES_ERROR;
				CLANG_WARN_DOCUMENTATION_COMMENTS = YES;
				CLANG_WARN_EMPTY_BODY = YES;
				CLANG_WARN_ENUM_CONVERSION = YES;
				CLANG_WARN_INFINITE_RECURSION = YES;
				CLANG_WARN_INT_CONVERSION = YES;
				CLANG_WARN_NON_LITERAL_NULL_CONVERSION = YES;
				CLANG_WARN_OBJC_IMPLICIT_RETAIN_SELF = YES;
				CLANG_WARN_OBJC_LITERAL_CONVERSION = YES;
				CLANG_WARN_OBJC_ROOT_CLASS = YES_ERROR;
				CLANG_WARN_QUOTED_INCLUDE_IN_FRAMEWORK_HEADER = YES;
				CLANG_WARN_RANGE_LOOP_ANALYSIS = YES;
				CLANG_WARN_STRICT_PROTOTYPES = YES;
				CLANG_WARN_SUSPICIOUS_MOVE = YES;
				CLANG_WARN_UNGUARDED_AVAILABILITY = YES_AGGRESSIVE;
				CLANG_WARN_UNREACHABLE_CODE = YES;
				CLANG_WARN__DUPLICATE_METHOD_MATCH = YES;
				COPY_PHASE_STRIP = NO;
				DEBUG_INFORMATION_FORMAT = "dwarf-with-dsym";
				ENABLE_NS_ASSERTIONS = NO;
				ENABLE_STRICT_OBJC_MSGSEND = YES;
				ENABLE_USER_SCRIPT_SANDBOXING = YES;
				GCC_C_LANGUAGE_STANDARD = gnu17;
				GCC_NO_COMMON_BLOCKS = YES;
				GCC_WARN_64_TO_32_BIT_CONVERSION = YES;
				GCC_WARN_ABOUT_RETURN_TYPE = YES_ERROR;
				GCC_WARN_UNDECLARED_SELECTOR = YES;
				GCC_WARN_UNINITIALIZED_AUTOS = YES_AGGRESSIVE;
				GCC_WARN_UNUSED_FUNCTION = YES;
				GCC_WARN_UNUSED_VARIABLE = YES;
				IPHONEOS_DEPLOYMENT_TARGET = 18.2;
				LOCALIZATION_PREFERS_STRING_CATALOGS = YES;
				MTL_ENABLE_DEBUG_INFO = NO;
				MTL_FAST_MATH = YES;
				SDKROOT = iphoneos;
				SWIFT_COMPILATION_MODE = wholemodule;
				VALIDATE_PRODUCT = YES;
			};
			name = Release;
		};
		DCC1F1782D81E84A00F9C4FB /* Debug */ = {
			isa = XCBuildConfiguration;
			buildSettings = {
				BUNDLE_LOADER = "$(TEST_HOST)";
				CODE_SIGN_STYLE = Automatic;
				CURRENT_PROJECT_VERSION = 1;
				GENERATE_INFOPLIST_FILE = YES;
				IPHONEOS_DEPLOYMENT_TARGET = 18.2;
				MARKETING_VERSION = 1.0;
				PRODUCT_BUNDLE_IDENTIFIER = "com.HaydenBoss.Meal-TrackerTests";
				PRODUCT_NAME = "$(TARGET_NAME)";
				SWIFT_EMIT_LOC_STRINGS = NO;
				SWIFT_VERSION = 5.0;
				TARGETED_DEVICE_FAMILY = "1,2";
				TEST_HOST = "$(BUILT_PRODUCTS_DIR)/Meal Tracker.app/$(BUNDLE_EXECUTABLE_FOLDER_PATH)/Meal Tracker";
			};
			name = Debug;
		};
		DCC1F1792D81E84A00F9C4FB /* Release */ = {
			isa = XCBuildConfiguration;
			buildSettings = {
				BUNDLE_LOADER = "$(TEST_HOST)";
				CODE_SIGN_STYLE = Automatic;
				CURRENT_PROJECT_VERSION = 1;
				GENERATE_INFOPLIST_FILE = YES;
				IPHONEOS_DEPLOYMENT_TARGET = 18.2;
				MARKETING_VERSION = 1.0;
				PRODUCT_BUNDLE_IDENTIFIER = "com.HaydenBoss.Meal-TrackerTests";
				PRODUCT_NAME = "$(TARGET_NAME)";
				SWIFT_EMIT_LOC_STRINGS = NO;
				SWIFT_VERSION = 5.0;
				TARGETED_DEVICE_FAMILY = "1,2";
				TEST_HOST = "$(BUILT_PRODUCTS_DIR)/Meal Tracker.app/$(BUNDLE_EXECUTABLE_FOLDER_PATH)/Meal Tracker";
			};
			name = Release;
		};
		DCC1F17B2D81E84A00F9C4FB /* Debug */ = {
			isa = XCBuildConfiguration;
			buildSettings = {
				CODE_SIGN_STYLE = Automatic;
				CURRENT_PROJECT_VERSION = 1;
				GENERATE_INFOPLIST_FILE = YES;
				MARKETING_VERSION = 1.0;
				PRODUCT_BUNDLE_IDENTIFIER = "com.HaydenBoss.Meal-TrackerUITests";
				PRODUCT_NAME = "$(TARGET_NAME)";
				SWIFT_EMIT_LOC_STRINGS = NO;
				SWIFT_VERSION = 5.0;
				TARGETED_DEVICE_FAMILY = "1,2";
				TEST_TARGET_NAME = "Meal Tracker";
			};
			name = Debug;
		};
		DCC1F17C2D81E84A00F9C4FB /* Release */ = {
			isa = XCBuildConfiguration;
			buildSettings = {
				CODE_SIGN_STYLE = Automatic;
				CURRENT_PROJECT_VERSION = 1;
				GENERATE_INFOPLIST_FILE = YES;
				MARKETING_VERSION = 1.0;
				PRODUCT_BUNDLE_IDENTIFIER = "com.HaydenBoss.Meal-TrackerUITests";
				PRODUCT_NAME = "$(TARGET_NAME)";
				SWIFT_EMIT_LOC_STRINGS = NO;
				SWIFT_VERSION = 5.0;
				TARGETED_DEVICE_FAMILY = "1,2";
				TEST_TARGET_NAME = "Meal Tracker";
			};
			name = Release;
		};
/* End XCBuildConfiguration section */

/* Begin XCConfigurationList section */
		DCC1F1442D81E84900F9C4FB /* Build configuration list for PBXProject "Meal Tracker" */ = {
			isa = XCConfigurationList;
			buildConfigurations = (
				DCC1F1752D81E84A00F9C4FB /* Debug */,
				DCC1F1762D81E84A00F9C4FB /* Release */,
			);
			defaultConfigurationIsVisible = 0;
			defaultConfigurationName = Release;
		};
		DCC1F1722D81E84A00F9C4FB /* Build configuration list for PBXNativeTarget "Meal Tracker" */ = {
			isa = XCConfigurationList;
			buildConfigurations = (
				DCC1F1732D81E84A00F9C4FB /* Debug */,
				DCC1F1742D81E84A00F9C4FB /* Release */,
			);
			defaultConfigurationIsVisible = 0;
			defaultConfigurationName = Release;
		};
		DCC1F1772D81E84A00F9C4FB /* Build configuration list for PBXNativeTarget "Meal TrackerTests" */ = {
			isa = XCConfigurationList;
			buildConfigurations = (
				DCC1F1782D81E84A00F9C4FB /* Debug */,
				DCC1F1792D81E84A00F9C4FB /* Release */,
			);
			defaultConfigurationIsVisible = 0;
			defaultConfigurationName = Release;
		};
		DCC1F17A2D81E84A00F9C4FB /* Build configuration list for PBXNativeTarget "Meal TrackerUITests" */ = {
			isa = XCConfigurationList;
			buildConfigurations = (
				DCC1F17B2D81E84A00F9C4FB /* Debug */,
				DCC1F17C2D81E84A00F9C4FB /* Release */,
			);
			defaultConfigurationIsVisible = 0;
			defaultConfigurationName = Release;
		};
/* End XCConfigurationList section */
	};
	rootObject = DCC1F1412D81E84900F9C4FB /* Project object */;
}
