// !$*UTF8*$!
{
	archiveVersion = 1;
	classes = {
	};
	objectVersion = 77;
	objects = {

/* Begin PBXContainerItemProxy section */
		DC399F592D6D72A2007179B6 /* PBXContainerItemProxy */ = {
			isa = PBXContainerItemProxy;
			containerPortal = DC399F3A2D6D72A1007179B6 /* Project object */;
			proxyType = 1;
			remoteGlobalIDString = DC399F412D6D72A2007179B6;
			remoteInfo = personalityQuiz;
		};
		DC399F632D6D72A2007179B6 /* PBXContainerItemProxy */ = {
			isa = PBXContainerItemProxy;
			containerPortal = DC399F3A2D6D72A1007179B6 /* Project object */;
			proxyType = 1;
			remoteGlobalIDString = DC399F412D6D72A2007179B6;
			remoteInfo = personalityQuiz;
		};
/* End PBXContainerItemProxy section */

/* Begin PBXFileReference section */
		DC399F422D6D72A2007179B6 /* personalityQuiz.app */ = {isa = PBXFileReference; explicitFileType = wrapper.application; includeInIndex = 0; path = personalityQuiz.app; sourceTree = BUILT_PRODUCTS_DIR; };
		DC399F582D6D72A2007179B6 /* personalityQuizTests.xctest */ = {isa = PBXFileReference; explicitFileType = wrapper.cfbundle; includeInIndex = 0; path = personalityQuizTests.xctest; sourceTree = BUILT_PRODUCTS_DIR; };
		DC399F622D6D72A2007179B6 /* personalityQuizUITests.xctest */ = {isa = PBXFileReference; explicitFileType = wrapper.cfbundle; includeInIndex = 0; path = personalityQuizUITests.xctest; sourceTree = BUILT_PRODUCTS_DIR; };
/* End PBXFileReference section */

/* Begin PBXFileSystemSynchronizedBuildFileExceptionSet section */
		DC399F6A2D6D72A2007179B6 /* Exceptions for "personalityQuiz" folder in "personalityQuiz" target */ = {
			isa = PBXFileSystemSynchronizedBuildFileExceptionSet;
			membershipExceptions = (
				Info.plist,
			);
			target = DC399F412D6D72A2007179B6 /* personalityQuiz */;
		};
/* End PBXFileSystemSynchronizedBuildFileExceptionSet section */

/* Begin PBXFileSystemSynchronizedRootGroup section */
		DC399F442D6D72A2007179B6 /* personalityQuiz */ = {
			isa = PBXFileSystemSynchronizedRootGroup;
			exceptions = (
				DC399F6A2D6D72A2007179B6 /* Exceptions for "personalityQuiz" folder in "personalityQuiz" target */,
			);
			path = personalityQuiz;
			sourceTree = "<group>";
		};
		DC399F5B2D6D72A2007179B6 /* personalityQuizTests */ = {
			isa = PBXFileSystemSynchronizedRootGroup;
			path = personalityQuizTests;
			sourceTree = "<group>";
		};
		DC399F652D6D72A2007179B6 /* personalityQuizUITests */ = {
			isa = PBXFileSystemSynchronizedRootGroup;
			path = personalityQuizUITests;
			sourceTree = "<group>";
		};
/* End PBXFileSystemSynchronizedRootGroup section */

/* Begin PBXFrameworksBuildPhase section */
		DC399F3F2D6D72A2007179B6 /* Frameworks */ = {
			isa = PBXFrameworksBuildPhase;
			buildActionMask = 2147483647;
			files = (
			);
			runOnlyForDeploymentPostprocessing = 0;
		};
		DC399F552D6D72A2007179B6 /* Frameworks */ = {
			isa = PBXFrameworksBuildPhase;
			buildActionMask = 2147483647;
			files = (
			);
			runOnlyForDeploymentPostprocessing = 0;
		};
		DC399F5F2D6D72A2007179B6 /* Frameworks */ = {
			isa = PBXFrameworksBuildPhase;
			buildActionMask = 2147483647;
			files = (
			);
			runOnlyForDeploymentPostprocessing = 0;
		};
/* End PBXFrameworksBuildPhase section */

/* Begin PBXGroup section */
		DC399F392D6D72A1007179B6 = {
			isa = PBXGroup;
			children = (
				DC399F442D6D72A2007179B6 /* personalityQuiz */,
				DC399F5B2D6D72A2007179B6 /* personalityQuizTests */,
				DC399F652D6D72A2007179B6 /* personalityQuizUITests */,
				DC399F432D6D72A2007179B6 /* Products */,
			);
			sourceTree = "<group>";
		};
		DC399F432D6D72A2007179B6 /* Products */ = {
			isa = PBXGroup;
			children = (
				DC399F422D6D72A2007179B6 /* personalityQuiz.app */,
				DC399F582D6D72A2007179B6 /* personalityQuizTests.xctest */,
				DC399F622D6D72A2007179B6 /* personalityQuizUITests.xctest */,
			);
			name = Products;
			sourceTree = "<group>";
		};
/* End PBXGroup section */

/* Begin PBXNativeTarget section */
		DC399F412D6D72A2007179B6 /* personalityQuiz */ = {
			isa = PBXNativeTarget;
			buildConfigurationList = DC399F6B2D6D72A2007179B6 /* Build configuration list for PBXNativeTarget "personalityQuiz" */;
			buildPhases = (
				DC399F3E2D6D72A2007179B6 /* Sources */,
				DC399F3F2D6D72A2007179B6 /* Frameworks */,
				DC399F402D6D72A2007179B6 /* Resources */,
			);
			buildRules = (
			);
			dependencies = (
			);
			fileSystemSynchronizedGroups = (
				DC399F442D6D72A2007179B6 /* personalityQuiz */,
			);
			name = personalityQuiz;
			packageProductDependencies = (
			);
			productName = personalityQuiz;
			productReference = DC399F422D6D72A2007179B6 /* personalityQuiz.app */;
			productType = "com.apple.product-type.application";
		};
		DC399F572D6D72A2007179B6 /* personalityQuizTests */ = {
			isa = PBXNativeTarget;
			buildConfigurationList = DC399F702D6D72A2007179B6 /* Build configuration list for PBXNativeTarget "personalityQuizTests" */;
			buildPhases = (
				DC399F542D6D72A2007179B6 /* Sources */,
				DC399F552D6D72A2007179B6 /* Frameworks */,
				DC399F562D6D72A2007179B6 /* Resources */,
			);
			buildRules = (
			);
			dependencies = (
				DC399F5A2D6D72A2007179B6 /* PBXTargetDependency */,
			);
			fileSystemSynchronizedGroups = (
				DC399F5B2D6D72A2007179B6 /* personalityQuizTests */,
			);
			name = personalityQuizTests;
			packageProductDependencies = (
			);
			productName = personalityQuizTests;
			productReference = DC399F582D6D72A2007179B6 /* personalityQuizTests.xctest */;
			productType = "com.apple.product-type.bundle.unit-test";
		};
		DC399F612D6D72A2007179B6 /* personalityQuizUITests */ = {
			isa = PBXNativeTarget;
			buildConfigurationList = DC399F732D6D72A2007179B6 /* Build configuration list for PBXNativeTarget "personalityQuizUITests" */;
			buildPhases = (
				DC399F5E2D6D72A2007179B6 /* Sources */,
				DC399F5F2D6D72A2007179B6 /* Frameworks */,
				DC399F602D6D72A2007179B6 /* Resources */,
			);
			buildRules = (
			);
			dependencies = (
				DC399F642D6D72A2007179B6 /* PBXTargetDependency */,
			);
			fileSystemSynchronizedGroups = (
				DC399F652D6D72A2007179B6 /* personalityQuizUITests */,
			);
			name = personalityQuizUITests;
			packageProductDependencies = (
			);
			productName = personalityQuizUITests;
			productReference = DC399F622D6D72A2007179B6 /* personalityQuizUITests.xctest */;
			productType = "com.apple.product-type.bundle.ui-testing";
		};
/* End PBXNativeTarget section */

/* Begin PBXProject section */
		DC399F3A2D6D72A1007179B6 /* Project object */ = {
			isa = PBXProject;
			attributes = {
				BuildIndependentTargetsInParallel = 1;
				LastSwiftUpdateCheck = 1620;
				LastUpgradeCheck = 1620;
				TargetAttributes = {
					DC399F412D6D72A2007179B6 = {
						CreatedOnToolsVersion = 16.2;
					};
					DC399F572D6D72A2007179B6 = {
						CreatedOnToolsVersion = 16.2;
						TestTargetID = DC399F412D6D72A2007179B6;
					};
					DC399F612D6D72A2007179B6 = {
						CreatedOnToolsVersion = 16.2;
						TestTargetID = DC399F412D6D72A2007179B6;
					};
				};
			};
			buildConfigurationList = DC399F3D2D6D72A1007179B6 /* Build configuration list for PBXProject "personalityQuiz" */;
			developmentRegion = en;
			hasScannedForEncodings = 0;
			knownRegions = (
				en,
				Base,
			);
			mainGroup = DC399F392D6D72A1007179B6;
			minimizedProjectReferenceProxies = 1;
			preferredProjectObjectVersion = 77;
			productRefGroup = DC399F432D6D72A2007179B6 /* Products */;
			projectDirPath = "";
			projectRoot = "";
			targets = (
				DC399F412D6D72A2007179B6 /* personalityQuiz */,
				DC399F572D6D72A2007179B6 /* personalityQuizTests */,
				DC399F612D6D72A2007179B6 /* personalityQuizUITests */,
			);
		};
/* End PBXProject section */

/* Begin PBXResourcesBuildPhase section */
		DC399F402D6D72A2007179B6 /* Resources */ = {
			isa = PBXResourcesBuildPhase;
			buildActionMask = 2147483647;
			files = (
			);
			runOnlyForDeploymentPostprocessing = 0;
		};
		DC399F562D6D72A2007179B6 /* Resources */ = {
			isa = PBXResourcesBuildPhase;
			buildActionMask = 2147483647;
			files = (
			);
			runOnlyForDeploymentPostprocessing = 0;
		};
		DC399F602D6D72A2007179B6 /* Resources */ = {
			isa = PBXResourcesBuildPhase;
			buildActionMask = 2147483647;
			files = (
			);
			runOnlyForDeploymentPostprocessing = 0;
		};
/* End PBXResourcesBuildPhase section */

/* Begin PBXSourcesBuildPhase section */
		DC399F3E2D6D72A2007179B6 /* Sources */ = {
			isa = PBXSourcesBuildPhase;
			buildActionMask = 2147483647;
			files = (
			);
			runOnlyForDeploymentPostprocessing = 0;
		};
		DC399F542D6D72A2007179B6 /* Sources */ = {
			isa = PBXSourcesBuildPhase;
			buildActionMask = 2147483647;
			files = (
			);
			runOnlyForDeploymentPostprocessing = 0;
		};
		DC399F5E2D6D72A2007179B6 /* Sources */ = {
			isa = PBXSourcesBuildPhase;
			buildActionMask = 2147483647;
			files = (
			);
			runOnlyForDeploymentPostprocessing = 0;
		};
/* End PBXSourcesBuildPhase section */

/* Begin PBXTargetDependency section */
		DC399F5A2D6D72A2007179B6 /* PBXTargetDependency */ = {
			isa = PBXTargetDependency;
			target = DC399F412D6D72A2007179B6 /* personalityQuiz */;
			targetProxy = DC399F592D6D72A2007179B6 /* PBXContainerItemProxy */;
		};
		DC399F642D6D72A2007179B6 /* PBXTargetDependency */ = {
			isa = PBXTargetDependency;
			target = DC399F412D6D72A2007179B6 /* personalityQuiz */;
			targetProxy = DC399F632D6D72A2007179B6 /* PBXContainerItemProxy */;
		};
/* End PBXTargetDependency section */

/* Begin XCBuildConfiguration section */
		DC399F6C2D6D72A2007179B6 /* Debug */ = {
			isa = XCBuildConfiguration;
			buildSettings = {
				ASSETCATALOG_COMPILER_APPICON_NAME = AppIcon;
				ASSETCATALOG_COMPILER_GLOBAL_ACCENT_COLOR_NAME = AccentColor;
				CODE_SIGN_STYLE = Automatic;
				CURRENT_PROJECT_VERSION = 1;
				GENERATE_INFOPLIST_FILE = YES;
				INFOPLIST_FILE = personalityQuiz/Info.plist;
				INFOPLIST_KEY_UIApplicationSupportsIndirectInputEvents = YES;
				INFOPLIST_KEY_UILaunchStoryboardName = LaunchScreen;
				INFOPLIST_KEY_UIMainStoryboardFile = Main;
				INFOPLIST_KEY_UISupportedInterfaceOrientations_iPad = "UIInterfaceOrientationPortrait UIInterfaceOrientationPortraitUpsideDown UIInterfaceOrientationLandscapeLeft UIInterfaceOrientationLandscapeRight";
				INFOPLIST_KEY_UISupportedInterfaceOrientations_iPhone = "UIInterfaceOrientationPortrait UIInterfaceOrientationLandscapeLeft UIInterfaceOrientationLandscapeRight";
				LD_RUNPATH_SEARCH_PATHS = (
					"$(inherited)",
					"@executable_path/Frameworks",
				);
				MARKETING_VERSION = 1.0;
				PRODUCT_BUNDLE_IDENTIFIER = com.HaydenBoss.personalityQuiz;
				PRODUCT_NAME = "$(TARGET_NAME)";
				SWIFT_EMIT_LOC_STRINGS = YES;
				SWIFT_VERSION = 5.0;
				TARGETED_DEVICE_FAMILY = "1,2";
			};
			name = Debug;
		};
		DC399F6D2D6D72A2007179B6 /* Release */ = {
			isa = XCBuildConfiguration;
			buildSettings = {
				ASSETCATALOG_COMPILER_APPICON_NAME = AppIcon;
				ASSETCATALOG_COMPILER_GLOBAL_ACCENT_COLOR_NAME = AccentColor;
				CODE_SIGN_STYLE = Automatic;
				CURRENT_PROJECT_VERSION = 1;
				GENERATE_INFOPLIST_FILE = YES;
				INFOPLIST_FILE = personalityQuiz/Info.plist;
				INFOPLIST_KEY_UIApplicationSupportsIndirectInputEvents = YES;
				INFOPLIST_KEY_UILaunchStoryboardName = LaunchScreen;
				INFOPLIST_KEY_UIMainStoryboardFile = Main;
				INFOPLIST_KEY_UISupportedInterfaceOrientations_iPad = "UIInterfaceOrientationPortrait UIInterfaceOrientationPortraitUpsideDown UIInterfaceOrientationLandscapeLeft UIInterfaceOrientationLandscapeRight";
				INFOPLIST_KEY_UISupportedInterfaceOrientations_iPhone = "UIInterfaceOrientationPortrait UIInterfaceOrientationLandscapeLeft UIInterfaceOrientationLandscapeRight";
				LD_RUNPATH_SEARCH_PATHS = (
					"$(inherited)",
					"@executable_path/Frameworks",
				);
				MARKETING_VERSION = 1.0;
				PRODUCT_BUNDLE_IDENTIFIER = com.HaydenBoss.personalityQuiz;
				PRODUCT_NAME = "$(TARGET_NAME)";
				SWIFT_EMIT_LOC_STRINGS = YES;
				SWIFT_VERSION = 5.0;
				TARGETED_DEVICE_FAMILY = "1,2";
			};
			name = Release;
		};
		DC399F6E2D6D72A2007179B6 /* Debug */ = {
			isa = XCBuildConfiguration;
			buildSettings = {
				ALWAYS_SEARCH_USER_PATHS = NO;
				ASSETCATALOG_COMPILER_GENERATE_SWIFT_ASSET_SYMBOL_EXTENSIONS = YES;
				CLANG_ANALYZER_NONNULL = YES;
				CLANG_ANALYZER_NUMBER_OBJECT_CONVERSION = YES_AGGRESSIVE;
				CLANG_CXX_LANGUAGE_STANDARD = "gnu++20";
				CLANG_ENABLE_MODULES = YES;
				CLANG_ENABLE_OBJC_ARC = YES;
				CLANG_ENABLE_OBJC_WEAK = YES;
				CLANG_WARN_BLOCK_CAPTURE_AUTORELEASING = YES;
				CLANG_WARN_BOOL_CONVERSION = YES;
				CLANG_WARN_COMMA = YES;
				CLANG_WARN_CONSTANT_CONVERSION = YES;
				CLANG_WARN_DEPRECATED_OBJC_IMPLEMENTATIONS = YES;
				CLANG_WARN_DIRECT_OBJC_ISA_USAGE = YES_ERROR;
				CLANG_WARN_DOCUMENTATION_COMMENTS = YES;
				CLANG_WARN_EMPTY_BODY = YES;
				CLANG_WARN_ENUM_CONVERSION = YES;
				CLANG_WARN_INFINITE_RECURSION = YES;
				CLANG_WARN_INT_CONVERSION = YES;
				CLANG_WARN_NON_LITERAL_NULL_CONVERSION = YES;
				CLANG_WARN_OBJC_IMPLICIT_RETAIN_SELF = YES;
				CLANG_WARN_OBJC_LITERAL_CONVERSION = YES;
				CLANG_WARN_OBJC_ROOT_CLASS = YES_ERROR;
				CLANG_WARN_QUOTED_INCLUDE_IN_FRAMEWORK_HEADER = YES;
				CLANG_WARN_RANGE_LOOP_ANALYSIS = YES;
				CLANG_WARN_STRICT_PROTOTYPES = YES;
				CLANG_WARN_SUSPICIOUS_MOVE = YES;
				CLANG_WARN_UNGUARDED_AVAILABILITY = YES_AGGRESSIVE;
				CLANG_WARN_UNREACHABLE_CODE = YES;
				CLANG_WARN__DUPLICATE_METHOD_MATCH = YES;
				COPY_PHASE_STRIP = NO;
				DEBUG_INFORMATION_FORMAT = dwarf;
				ENABLE_STRICT_OBJC_MSGSEND = YES;
				ENABLE_TESTABILITY = YES;
				ENABLE_USER_SCRIPT_SANDBOXING = YES;
				GCC_C_LANGUAGE_STANDARD = gnu17;
				GCC_DYNAMIC_NO_PIC = NO;
				GCC_NO_COMMON_BLOCKS = YES;
				GCC_OPTIMIZATION_LEVEL = 0;
				GCC_PREPROCESSOR_DEFINITIONS = (
					"DEBUG=1",
					"$(inherited)",
				);
				GCC_WARN_64_TO_32_BIT_CONVERSION = YES;
				GCC_WARN_ABOUT_RETURN_TYPE = YES_ERROR;
				GCC_WARN_UNDECLARED_SELECTOR = YES;
				GCC_WARN_UNINITIALIZED_AUTOS = YES_AGGRESSIVE;
				GCC_WARN_UNUSED_FUNCTION = YES;
				GCC_WARN_UNUSED_VARIABLE = YES;
				IPHONEOS_DEPLOYMENT_TARGET = 18.2;
				LOCALIZATION_PREFERS_STRING_CATALOGS = YES;
				MTL_ENABLE_DEBUG_INFO = INCLUDE_SOURCE;
				MTL_FAST_MATH = YES;
				ONLY_ACTIVE_ARCH = YES;
				SDKROOT = iphoneos;
				SWIFT_ACTIVE_COMPILATION_CONDITIONS = "DEBUG $(inherited)";
				SWIFT_OPTIMIZATION_LEVEL = "-Onone";
			};
			name = Debug;
		};
		DC399F6F2D6D72A2007179B6 /* Release */ = {
			isa = XCBuildConfiguration;
			buildSettings = {
				ALWAYS_SEARCH_USER_PATHS = NO;
				ASSETCATALOG_COMPILER_GENERATE_SWIFT_ASSET_SYMBOL_EXTENSIONS = YES;
				CLANG_ANALYZER_NONNULL = YES;
				CLANG_ANALYZER_NUMBER_OBJECT_CONVERSION = YES_AGGRESSIVE;
				CLANG_CXX_LANGUAGE_STANDARD = "gnu++20";
				CLANG_ENABLE_MODULES = YES;
				CLANG_ENABLE_OBJC_ARC = YES;
				CLANG_ENABLE_OBJC_WEAK = YES;
				CLANG_WARN_BLOCK_CAPTURE_AUTORELEASING = YES;
				CLANG_WARN_BOOL_CONVERSION = YES;
				CLANG_WARN_COMMA = YES;
				CLANG_WARN_CONSTANT_CONVERSION = YES;
				CLANG_WARN_DEPRECATED_OBJC_IMPLEMENTATIONS = YES;
				CLANG_WARN_DIRECT_OBJC_ISA_USAGE = YES_ERROR;
				CLANG_WARN_DOCUMENTATION_COMMENTS = YES;
				CLANG_WARN_EMPTY_BODY = YES;
				CLANG_WARN_ENUM_CONVERSION = YES;
				CLANG_WARN_INFINITE_RECURSION = YES;
				CLANG_WARN_INT_CONVERSION = YES;
				CLANG_WARN_NON_LITERAL_NULL_CONVERSION = YES;
				CLANG_WARN_OBJC_IMPLICIT_RETAIN_SELF = YES;
				CLANG_WARN_OBJC_LITERAL_CONVERSION = YES;
				CLANG_WARN_OBJC_ROOT_CLASS = YES_ERROR;
				CLANG_WARN_QUOTED_INCLUDE_IN_FRAMEWORK_HEADER = YES;
				CLANG_WARN_RANGE_LOOP_ANALYSIS = YES;
				CLANG_WARN_STRICT_PROTOTYPES = YES;
				CLANG_WARN_SUSPICIOUS_MOVE = YES;
				CLANG_WARN_UNGUARDED_AVAILABILITY = YES_AGGRESSIVE;
				CLANG_WARN_UNREACHABLE_CODE = YES;
				CLANG_WARN__DUPLICATE_METHOD_MATCH = YES;
				COPY_PHASE_STRIP = NO;
				DEBUG_INFORMATION_FORMAT = "dwarf-with-dsym";
				ENABLE_NS_ASSERTIONS = NO;
				ENABLE_STRICT_OBJC_MSGSEND = YES;
				ENABLE_USER_SCRIPT_SANDBOXING = YES;
				GCC_C_LANGUAGE_STANDARD = gnu17;
				GCC_NO_COMMON_BLOCKS = YES;
				GCC_WARN_64_TO_32_BIT_CONVERSION = YES;
				GCC_WARN_ABOUT_RETURN_TYPE = YES_ERROR;
				GCC_WARN_UNDECLARED_SELECTOR = YES;
				GCC_WARN_UNINITIALIZED_AUTOS = YES_AGGRESSIVE;
				GCC_WARN_UNUSED_FUNCTION = YES;
				GCC_WARN_UNUSED_VARIABLE = YES;
				IPHONEOS_DEPLOYMENT_TARGET = 18.2;
				LOCALIZATION_PREFERS_STRING_CATALOGS = YES;
				MTL_ENABLE_DEBUG_INFO = NO;
				MTL_FAST_MATH = YES;
				SDKROOT = iphoneos;
				SWIFT_COMPILATION_MODE = wholemodule;
				VALIDATE_PRODUCT = YES;
			};
			name = Release;
		};
		DC399F712D6D72A2007179B6 /* Debug */ = {
			isa = XCBuildConfiguration;
			buildSettings = {
				BUNDLE_LOADER = "$(TEST_HOST)";
				CODE_SIGN_STYLE = Automatic;
				CURRENT_PROJECT_VERSION = 1;
				GENERATE_INFOPLIST_FILE = YES;
				IPHONEOS_DEPLOYMENT_TARGET = 18.2;
				MARKETING_VERSION = 1.0;
				PRODUCT_BUNDLE_IDENTIFIER = com.HaydenBoss.personalityQuizTests;
				PRODUCT_NAME = "$(TARGET_NAME)";
				SWIFT_EMIT_LOC_STRINGS = NO;
				SWIFT_VERSION = 5.0;
				TARGETED_DEVICE_FAMILY = "1,2";
				TEST_HOST = "$(BUILT_PRODUCTS_DIR)/personalityQuiz.app/$(BUNDLE_EXECUTABLE_FOLDER_PATH)/personalityQuiz";
			};
			name = Debug;
		};
		DC399F722D6D72A2007179B6 /* Release */ = {
			isa = XCBuildConfiguration;
			buildSettings = {
				BUNDLE_LOADER = "$(TEST_HOST)";
				CODE_SIGN_STYLE = Automatic;
				CURRENT_PROJECT_VERSION = 1;
				GENERATE_INFOPLIST_FILE = YES;
				IPHONEOS_DEPLOYMENT_TARGET = 18.2;
				MARKETING_VERSION = 1.0;
				PRODUCT_BUNDLE_IDENTIFIER = com.HaydenBoss.personalityQuizTests;
				PRODUCT_NAME = "$(TARGET_NAME)";
				SWIFT_EMIT_LOC_STRINGS = NO;
				SWIFT_VERSION = 5.0;
				TARGETED_DEVICE_FAMILY = "1,2";
				TEST_HOST = "$(BUILT_PRODUCTS_DIR)/personalityQuiz.app/$(BUNDLE_EXECUTABLE_FOLDER_PATH)/personalityQuiz";
			};
			name = Release;
		};
		DC399F742D6D72A2007179B6 /* Debug */ = {
			isa = XCBuildConfiguration;
			buildSettings = {
				CODE_SIGN_STYLE = Automatic;
				CURRENT_PROJECT_VERSION = 1;
				GENERATE_INFOPLIST_FILE = YES;
				MARKETING_VERSION = 1.0;
				PRODUCT_BUNDLE_IDENTIFIER = com.HaydenBoss.personalityQuizUITests;
				PRODUCT_NAME = "$(TARGET_NAME)";
				SWIFT_EMIT_LOC_STRINGS = NO;
				SWIFT_VERSION = 5.0;
				TARGETED_DEVICE_FAMILY = "1,2";
				TEST_TARGET_NAME = personalityQuiz;
			};
			name = Debug;
		};
		DC399F752D6D72A2007179B6 /* Release */ = {
			isa = XCBuildConfiguration;
			buildSettings = {
				CODE_SIGN_STYLE = Automatic;
				CURRENT_PROJECT_VERSION = 1;
				GENERATE_INFOPLIST_FILE = YES;
				MARKETING_VERSION = 1.0;
				PRODUCT_BUNDLE_IDENTIFIER = com.HaydenBoss.personalityQuizUITests;
				PRODUCT_NAME = "$(TARGET_NAME)";
				SWIFT_EMIT_LOC_STRINGS = NO;
				SWIFT_VERSION = 5.0;
				TARGETED_DEVICE_FAMILY = "1,2";
				TEST_TARGET_NAME = personalityQuiz;
			};
			name = Release;
		};
/* End XCBuildConfiguration section */

/* Begin XCConfigurationList section */
		DC399F3D2D6D72A1007179B6 /* Build configuration list for PBXProject "personalityQuiz" */ = {
			isa = XCConfigurationList;
			buildConfigurations = (
				DC399F6E2D6D72A2007179B6 /* Debug */,
				DC399F6F2D6D72A2007179B6 /* Release */,
			);
			defaultConfigurationIsVisible = 0;
			defaultConfigurationName = Release;
		};
		DC399F6B2D6D72A2007179B6 /* Build configuration list for PBXNativeTarget "personalityQuiz" */ = {
			isa = XCConfigurationList;
			buildConfigurations = (
				DC399F6C2D6D72A2007179B6 /* Debug */,
				DC399F6D2D6D72A2007179B6 /* Release */,
			);
			defaultConfigurationIsVisible = 0;
			defaultConfigurationName = Release;
		};
		DC399F702D6D72A2007179B6 /* Build configuration list for PBXNativeTarget "personalityQuizTests" */ = {
			isa = XCConfigurationList;
			buildConfigurations = (
				DC399F712D6D72A2007179B6 /* Debug */,
				DC399F722D6D72A2007179B6 /* Release */,
			);
			defaultConfigurationIsVisible = 0;
			defaultConfigurationName = Release;
		};
		DC399F732D6D72A2007179B6 /* Build configuration list for PBXNativeTarget "personalityQuizUITests" */ = {
			isa = XCConfigurationList;
			buildConfigurations = (
				DC399F742D6D72A2007179B6 /* Debug */,
				DC399F752D6D72A2007179B6 /* Release */,
			);
			defaultConfigurationIsVisible = 0;
			defaultConfigurationName = Release;
		};
/* End XCConfigurationList section */
	};
	rootObject = DC399F3A2D6D72A1007179B6 /* Project object */;
}
