// !$*UTF8*$!
{
	archiveVersion = 1;
	classes = {
	};
	objectVersion = 77;
	objects = {

/* Begin PBXContainerItemProxy section */
		DC20CD812D41440700B33A84 /* PBXContainerItemProxy */ = {
			isa = PBXContainerItemProxy;
			containerPortal = DC20CD622D41440700B33A84 /* Project object */;
			proxyType = 1;
			remoteGlobalIDString = DC20CD692D41440700B33A84;
			remoteInfo = XCodeExample;
		};
		DC20CD8B2D41440700B33A84 /* PBXContainerItemProxy */ = {
			isa = PBXContainerItemProxy;
			containerPortal = DC20CD622D41440700B33A84 /* Project object */;
			proxyType = 1;
			remoteGlobalIDString = DC20CD692D41440700B33A84;
			remoteInfo = XCodeExample;
		};
/* End PBXContainerItemProxy section */

/* Begin PBXFileReference section */
		DC20CD6A2D41440700B33A84 /* XCodeExample.app */ = {isa = PBXFileReference; explicitFileType = wrapper.application; includeInIndex = 0; path = XCodeExample.app; sourceTree = BUILT_PRODUCTS_DIR; };
		DC20CD802D41440700B33A84 /* XCodeExampleTests.xctest */ = {isa = PBXFileReference; explicitFileType = wrapper.cfbundle; includeInIndex = 0; path = XCodeExampleTests.xctest; sourceTree = BUILT_PRODUCTS_DIR; };
		DC20CD8A2D41440700B33A84 /* XCodeExampleUITests.xctest */ = {isa = PBXFileReference; explicitFileType = wrapper.cfbundle; includeInIndex = 0; path = XCodeExampleUITests.xctest; sourceTree = BUILT_PRODUCTS_DIR; };
/* End PBXFileReference section */

/* Begin PBXFileSystemSynchronizedBuildFileExceptionSet section */
		DC20CD922D41440700B33A84 /* Exceptions for "XCodeExample" folder in "XCodeExample" target */ = {
			isa = PBXFileSystemSynchronizedBuildFileExceptionSet;
			membershipExceptions = (
				Info.plist,
			);
			target = DC20CD692D41440700B33A84 /* XCodeExample */;
		};
/* End PBXFileSystemSynchronizedBuildFileExceptionSet section */

/* Begin PBXFileSystemSynchronizedRootGroup section */
		DC20CD6C2D41440700B33A84 /* XCodeExample */ = {
			isa = PBXFileSystemSynchronizedRootGroup;
			exceptions = (
				DC20CD922D41440700B33A84 /* Exceptions for "XCodeExample" folder in "XCodeExample" target */,
			);
			path = XCodeExample;
			sourceTree = "<group>";
		};
		DC20CD832D41440700B33A84 /* XCodeExampleTests */ = {
			isa = PBXFileSystemSynchronizedRootGroup;
			path = XCodeExampleTests;
			sourceTree = "<group>";
		};
		DC20CD8D2D41440700B33A84 /* XCodeExampleUITests */ = {
			isa = PBXFileSystemSynchronizedRootGroup;
			path = XCodeExampleUITests;
			sourceTree = "<group>";
		};
/* End PBXFileSystemSynchronizedRootGroup section */

/* Begin PBXFrameworksBuildPhase section */
		DC20CD672D41440700B33A84 /* Frameworks */ = {
			isa = PBXFrameworksBuildPhase;
			buildActionMask = 2147483647;
			files = (
			);
			runOnlyForDeploymentPostprocessing = 0;
		};
		DC20CD7D2D41440700B33A84 /* Frameworks */ = {
			isa = PBXFrameworksBuildPhase;
			buildActionMask = 2147483647;
			files = (
			);
			runOnlyForDeploymentPostprocessing = 0;
		};
		DC20CD872D41440700B33A84 /* Frameworks */ = {
			isa = PBXFrameworksBuildPhase;
			buildActionMask = 2147483647;
			files = (
			);
			runOnlyForDeploymentPostprocessing = 0;
		};
/* End PBXFrameworksBuildPhase section */

/* Begin PBXGroup section */
		DC20CD612D41440700B33A84 = {
			isa = PBXGroup;
			children = (
				DC20CD6C2D41440700B33A84 /* XCodeExample */,
				DC20CD832D41440700B33A84 /* XCodeExampleTests */,
				DC20CD8D2D41440700B33A84 /* XCodeExampleUITests */,
				DC20CD6B2D41440700B33A84 /* Products */,
			);
			sourceTree = "<group>";
		};
		DC20CD6B2D41440700B33A84 /* Products */ = {
			isa = PBXGroup;
			children = (
				DC20CD6A2D41440700B33A84 /* XCodeExample.app */,
				DC20CD802D41440700B33A84 /* XCodeExampleTests.xctest */,
				DC20CD8A2D41440700B33A84 /* XCodeExampleUITests.xctest */,
			);
			name = Products;
			sourceTree = "<group>";
		};
/* End PBXGroup section */

/* Begin PBXNativeTarget section */
		DC20CD692D41440700B33A84 /* XCodeExample */ = {
			isa = PBXNativeTarget;
			buildConfigurationList = DC20CD932D41440700B33A84 /* Build configuration list for PBXNativeTarget "XCodeExample" */;
			buildPhases = (
				DC20CD662D41440700B33A84 /* Sources */,
				DC20CD672D41440700B33A84 /* Frameworks */,
				DC20CD682D41440700B33A84 /* Resources */,
			);
			buildRules = (
			);
			dependencies = (
			);
			fileSystemSynchronizedGroups = (
				DC20CD6C2D41440700B33A84 /* XCodeExample */,
			);
			name = XCodeExample;
			packageProductDependencies = (
			);
			productName = XCodeExample;
			productReference = DC20CD6A2D41440700B33A84 /* XCodeExample.app */;
			productType = "com.apple.product-type.application";
		};
		DC20CD7F2D41440700B33A84 /* XCodeExampleTests */ = {
			isa = PBXNativeTarget;
			buildConfigurationList = DC20CD982D41440700B33A84 /* Build configuration list for PBXNativeTarget "XCodeExampleTests" */;
			buildPhases = (
				DC20CD7C2D41440700B33A84 /* Sources */,
				DC20CD7D2D41440700B33A84 /* Frameworks */,
				DC20CD7E2D41440700B33A84 /* Resources */,
			);
			buildRules = (
			);
			dependencies = (
				DC20CD822D41440700B33A84 /* PBXTargetDependency */,
			);
			fileSystemSynchronizedGroups = (
				DC20CD832D41440700B33A84 /* XCodeExampleTests */,
			);
			name = XCodeExampleTests;
			packageProductDependencies = (
			);
			productName = XCodeExampleTests;
			productReference = DC20CD802D41440700B33A84 /* XCodeExampleTests.xctest */;
			productType = "com.apple.product-type.bundle.unit-test";
		};
		DC20CD892D41440700B33A84 /* XCodeExampleUITests */ = {
			isa = PBXNativeTarget;
			buildConfigurationList = DC20CD9B2D41440700B33A84 /* Build configuration list for PBXNativeTarget "XCodeExampleUITests" */;
			buildPhases = (
				DC20CD862D41440700B33A84 /* Sources */,
				DC20CD872D41440700B33A84 /* Frameworks */,
				DC20CD882D41440700B33A84 /* Resources */,
			);
			buildRules = (
			);
			dependencies = (
				DC20CD8C2D41440700B33A84 /* PBXTargetDependency */,
			);
			fileSystemSynchronizedGroups = (
				DC20CD8D2D41440700B33A84 /* XCodeExampleUITests */,
			);
			name = XCodeExampleUITests;
			packageProductDependencies = (
			);
			productName = XCodeExampleUITests;
			productReference = DC20CD8A2D41440700B33A84 /* XCodeExampleUITests.xctest */;
			productType = "com.apple.product-type.bundle.ui-testing";
		};
/* End PBXNativeTarget section */

/* Begin PBXProject section */
		DC20CD622D41440700B33A84 /* Project object */ = {
			isa = PBXProject;
			attributes = {
				BuildIndependentTargetsInParallel = 1;
				LastSwiftUpdateCheck = 1620;
				LastUpgradeCheck = 1620;
				TargetAttributes = {
					DC20CD692D41440700B33A84 = {
						CreatedOnToolsVersion = 16.2;
					};
					DC20CD7F2D41440700B33A84 = {
						CreatedOnToolsVersion = 16.2;
						TestTargetID = DC20CD692D41440700B33A84;
					};
					DC20CD892D41440700B33A84 = {
						CreatedOnToolsVersion = 16.2;
						TestTargetID = DC20CD692D41440700B33A84;
					};
				};
			};
			buildConfigurationList = DC20CD652D41440700B33A84 /* Build configuration list for PBXProject "XCodeExample" */;
			developmentRegion = en;
			hasScannedForEncodings = 0;
			knownRegions = (
				en,
				Base,
			);
			mainGroup = DC20CD612D41440700B33A84;
			minimizedProjectReferenceProxies = 1;
			preferredProjectObjectVersion = 77;
			productRefGroup = DC20CD6B2D41440700B33A84 /* Products */;
			projectDirPath = "";
			projectRoot = "";
			targets = (
				DC20CD692D41440700B33A84 /* XCodeExample */,
				DC20CD7F2D41440700B33A84 /* XCodeExampleTests */,
				DC20CD892D41440700B33A84 /* XCodeExampleUITests */,
			);
		};
/* End PBXProject section */

/* Begin PBXResourcesBuildPhase section */
		DC20CD682D41440700B33A84 /* Resources */ = {
			isa = PBXResourcesBuildPhase;
			buildActionMask = 2147483647;
			files = (
			);
			runOnlyForDeploymentPostprocessing = 0;
		};
		DC20CD7E2D41440700B33A84 /* Resources */ = {
			isa = PBXResourcesBuildPhase;
			buildActionMask = 2147483647;
			files = (
			);
			runOnlyForDeploymentPostprocessing = 0;
		};
		DC20CD882D41440700B33A84 /* Resources */ = {
			isa = PBXResourcesBuildPhase;
			buildActionMask = 2147483647;
			files = (
			);
			runOnlyForDeploymentPostprocessing = 0;
		};
/* End PBXResourcesBuildPhase section */

/* Begin PBXSourcesBuildPhase section */
		DC20CD662D41440700B33A84 /* Sources */ = {
			isa = PBXSourcesBuildPhase;
			buildActionMask = 2147483647;
			files = (
			);
			runOnlyForDeploymentPostprocessing = 0;
		};
		DC20CD7C2D41440700B33A84 /* Sources */ = {
			isa = PBXSourcesBuildPhase;
			buildActionMask = 2147483647;
			files = (
			);
			runOnlyForDeploymentPostprocessing = 0;
		};
		DC20CD862D41440700B33A84 /* Sources */ = {
			isa = PBXSourcesBuildPhase;
			buildActionMask = 2147483647;
			files = (
			);
			runOnlyForDeploymentPostprocessing = 0;
		};
/* End PBXSourcesBuildPhase section */

/* Begin PBXTargetDependency section */
		DC20CD822D41440700B33A84 /* PBXTargetDependency */ = {
			isa = PBXTargetDependency;
			target = DC20CD692D41440700B33A84 /* XCodeExample */;
			targetProxy = DC20CD812D41440700B33A84 /* PBXContainerItemProxy */;
		};
		DC20CD8C2D41440700B33A84 /* PBXTargetDependency */ = {
			isa = PBXTargetDependency;
			target = DC20CD692D41440700B33A84 /* XCodeExample */;
			targetProxy = DC20CD8B2D41440700B33A84 /* PBXContainerItemProxy */;
		};
/* End PBXTargetDependency section */

/* Begin XCBuildConfiguration section */
		DC20CD942D41440700B33A84 /* Debug */ = {
			isa = XCBuildConfiguration;
			buildSettings = {
				ASSETCATALOG_COMPILER_APPICON_NAME = AppIcon;
				ASSETCATALOG_COMPILER_GLOBAL_ACCENT_COLOR_NAME = AccentColor;
				CODE_SIGN_STYLE = Automatic;
				CURRENT_PROJECT_VERSION = 1;
				GENERATE_INFOPLIST_FILE = YES;
				INFOPLIST_FILE = XCodeExample/Info.plist;
				INFOPLIST_KEY_UIApplicationSupportsIndirectInputEvents = YES;
				INFOPLIST_KEY_UILaunchStoryboardName = LaunchScreen;
				INFOPLIST_KEY_UIMainStoryboardFile = Main;
				INFOPLIST_KEY_UISupportedInterfaceOrientations_iPad = "UIInterfaceOrientationPortrait UIInterfaceOrientationPortraitUpsideDown UIInterfaceOrientationLandscapeLeft UIInterfaceOrientationLandscapeRight";
				INFOPLIST_KEY_UISupportedInterfaceOrientations_iPhone = "UIInterfaceOrientationPortrait UIInterfaceOrientationLandscapeLeft UIInterfaceOrientationLandscapeRight";
				LD_RUNPATH_SEARCH_PATHS = (
					"$(inherited)",
					"@executable_path/Frameworks",
				);
				MARKETING_VERSION = 1.0;
				PRODUCT_BUNDLE_IDENTIFIER = com.HaydenBoss.XCodeExample;
				PRODUCT_NAME = "$(TARGET_NAME)";
				SWIFT_EMIT_LOC_STRINGS = YES;
				SWIFT_VERSION = 5.0;
				TARGETED_DEVICE_FAMILY = "1,2";
			};
			name = Debug;
		};
		DC20CD952D41440700B33A84 /* Release */ = {
			isa = XCBuildConfiguration;
			buildSettings = {
				ASSETCATALOG_COMPILER_APPICON_NAME = AppIcon;
				ASSETCATALOG_COMPILER_GLOBAL_ACCENT_COLOR_NAME = AccentColor;
				CODE_SIGN_STYLE = Automatic;
				CURRENT_PROJECT_VERSION = 1;
				GENERATE_INFOPLIST_FILE = YES;
				INFOPLIST_FILE = XCodeExample/Info.plist;
				INFOPLIST_KEY_UIApplicationSupportsIndirectInputEvents = YES;
				INFOPLIST_KEY_UILaunchStoryboardName = LaunchScreen;
				INFOPLIST_KEY_UIMainStoryboardFile = Main;
				INFOPLIST_KEY_UISupportedInterfaceOrientations_iPad = "UIInterfaceOrientationPortrait UIInterfaceOrientationPortraitUpsideDown UIInterfaceOrientationLandscapeLeft UIInterfaceOrientationLandscapeRight";
				INFOPLIST_KEY_UISupportedInterfaceOrientations_iPhone = "UIInterfaceOrientationPortrait UIInterfaceOrientationLandscapeLeft UIInterfaceOrientationLandscapeRight";
				LD_RUNPATH_SEARCH_PATHS = (
					"$(inherited)",
					"@executable_path/Frameworks",
				);
				MARKETING_VERSION = 1.0;
				PRODUCT_BUNDLE_IDENTIFIER = com.HaydenBoss.XCodeExample;
				PRODUCT_NAME = "$(TARGET_NAME)";
				SWIFT_EMIT_LOC_STRINGS = YES;
				SWIFT_VERSION = 5.0;
				TARGETED_DEVICE_FAMILY = "1,2";
			};
			name = Release;
		};
		DC20CD962D41440700B33A84 /* Debug */ = {
			isa = XCBuildConfiguration;
			buildSettings = {
				ALWAYS_SEARCH_USER_PATHS = NO;
				ASSETCATALOG_COMPILER_GENERATE_SWIFT_ASSET_SYMBOL_EXTENSIONS = YES;
				CLANG_ANALYZER_NONNULL = YES;
				CLANG_ANALYZER_NUMBER_OBJECT_CONVERSION = YES_AGGRESSIVE;
				CLANG_CXX_LANGUAGE_STANDARD = "gnu++20";
				CLANG_ENABLE_MODULES = YES;
				CLANG_ENABLE_OBJC_ARC = YES;
				CLANG_ENABLE_OBJC_WEAK = YES;
				CLANG_WARN_BLOCK_CAPTURE_AUTORELEASING = YES;
				CLANG_WARN_BOOL_CONVERSION = YES;
				CLANG_WARN_COMMA = YES;
				CLANG_WARN_CONSTANT_CONVERSION = YES;
				CLANG_WARN_DEPRECATED_OBJC_IMPLEMENTATIONS = YES;
				CLANG_WARN_DIRECT_OBJC_ISA_USAGE = YES_ERROR;
				CLANG_WARN_DOCUMENTATION_COMMENTS = YES;
				CLANG_WARN_EMPTY_BODY = YES;
				CLANG_WARN_ENUM_CONVERSION = YES;
				CLANG_WARN_INFINITE_RECURSION = YES;
				CLANG_WARN_INT_CONVERSION = YES;
				CLANG_WARN_NON_LITERAL_NULL_CONVERSION = YES;
				CLANG_WARN_OBJC_IMPLICIT_RETAIN_SELF = YES;
				CLANG_WARN_OBJC_LITERAL_CONVERSION = YES;
				CLANG_WARN_OBJC_ROOT_CLASS = YES_ERROR;
				CLANG_WARN_QUOTED_INCLUDE_IN_FRAMEWORK_HEADER = YES;
				CLANG_WARN_RANGE_LOOP_ANALYSIS = YES;
				CLANG_WARN_STRICT_PROTOTYPES = YES;
				CLANG_WARN_SUSPICIOUS_MOVE = YES;
				CLANG_WARN_UNGUARDED_AVAILABILITY = YES_AGGRESSIVE;
				CLANG_WARN_UNREACHABLE_CODE = YES;
				CLANG_WARN__DUPLICATE_METHOD_MATCH = YES;
				COPY_PHASE_STRIP = NO;
				DEBUG_INFORMATION_FORMAT = dwarf;
				ENABLE_STRICT_OBJC_MSGSEND = YES;
				ENABLE_TESTABILITY = YES;
				ENABLE_USER_SCRIPT_SANDBOXING = YES;
				GCC_C_LANGUAGE_STANDARD = gnu17;
				GCC_DYNAMIC_NO_PIC = NO;
				GCC_NO_COMMON_BLOCKS = YES;
				GCC_OPTIMIZATION_LEVEL = 0;
				GCC_PREPROCESSOR_DEFINITIONS = (
					"DEBUG=1",
					"$(inherited)",
				);
				GCC_WARN_64_TO_32_BIT_CONVERSION = YES;
				GCC_WARN_ABOUT_RETURN_TYPE = YES_ERROR;
				GCC_WARN_UNDECLARED_SELECTOR = YES;
				GCC_WARN_UNINITIALIZED_AUTOS = YES_AGGRESSIVE;
				GCC_WARN_UNUSED_FUNCTION = YES;
				GCC_WARN_UNUSED_VARIABLE = YES;
				IPHONEOS_DEPLOYMENT_TARGET = 18.2;
				LOCALIZATION_PREFERS_STRING_CATALOGS = YES;
				MTL_ENABLE_DEBUG_INFO = INCLUDE_SOURCE;
				MTL_FAST_MATH = YES;
				ONLY_ACTIVE_ARCH = YES;
				SDKROOT = iphoneos;
				SWIFT_ACTIVE_COMPILATION_CONDITIONS = "DEBUG $(inherited)";
				SWIFT_OPTIMIZATION_LEVEL = "-Onone";
			};
			name = Debug;
		};
		DC20CD972D41440700B33A84 /* Release */ = {
			isa = XCBuildConfiguration;
			buildSettings = {
				ALWAYS_SEARCH_USER_PATHS = NO;
				ASSETCATALOG_COMPILER_GENERATE_SWIFT_ASSET_SYMBOL_EXTENSIONS = YES;
				CLANG_ANALYZER_NONNULL = YES;
				CLANG_ANALYZER_NUMBER_OBJECT_CONVERSION = YES_AGGRESSIVE;
				CLANG_CXX_LANGUAGE_STANDARD = "gnu++20";
				CLANG_ENABLE_MODULES = YES;
				CLANG_ENABLE_OBJC_ARC = YES;
				CLANG_ENABLE_OBJC_WEAK = YES;
				CLANG_WARN_BLOCK_CAPTURE_AUTORELEASING = YES;
				CLANG_WARN_BOOL_CONVERSION = YES;
				CLANG_WARN_COMMA = YES;
				CLANG_WARN_CONSTANT_CONVERSION = YES;
				CLANG_WARN_DEPRECATED_OBJC_IMPLEMENTATIONS = YES;
				CLANG_WARN_DIRECT_OBJC_ISA_USAGE = YES_ERROR;
				CLANG_WARN_DOCUMENTATION_COMMENTS = YES;
				CLANG_WARN_EMPTY_BODY = YES;
				CLANG_WARN_ENUM_CONVERSION = YES;
				CLANG_WARN_INFINITE_RECURSION = YES;
				CLANG_WARN_INT_CONVERSION = YES;
				CLANG_WARN_NON_LITERAL_NULL_CONVERSION = YES;
				CLANG_WARN_OBJC_IMPLICIT_RETAIN_SELF = YES;
				CLANG_WARN_OBJC_LITERAL_CONVERSION = YES;
				CLANG_WARN_OBJC_ROOT_CLASS = YES_ERROR;
				CLANG_WARN_QUOTED_INCLUDE_IN_FRAMEWORK_HEADER = YES;
				CLANG_WARN_RANGE_LOOP_ANALYSIS = YES;
				CLANG_WARN_STRICT_PROTOTYPES = YES;
				CLANG_WARN_SUSPICIOUS_MOVE = YES;
				CLANG_WARN_UNGUARDED_AVAILABILITY = YES_AGGRESSIVE;
				CLANG_WARN_UNREACHABLE_CODE = YES;
				CLANG_WARN__DUPLICATE_METHOD_MATCH = YES;
				COPY_PHASE_STRIP = NO;
				DEBUG_INFORMATION_FORMAT = "dwarf-with-dsym";
				ENABLE_NS_ASSERTIONS = NO;
				ENABLE_STRICT_OBJC_MSGSEND = YES;
				ENABLE_USER_SCRIPT_SANDBOXING = YES;
				GCC_C_LANGUAGE_STANDARD = gnu17;
				GCC_NO_COMMON_BLOCKS = YES;
				GCC_WARN_64_TO_32_BIT_CONVERSION = YES;
				GCC_WARN_ABOUT_RETURN_TYPE = YES_ERROR;
				GCC_WARN_UNDECLARED_SELECTOR = YES;
				GCC_WARN_UNINITIALIZED_AUTOS = YES_AGGRESSIVE;
				GCC_WARN_UNUSED_FUNCTION = YES;
				GCC_WARN_UNUSED_VARIABLE = YES;
				IPHONEOS_DEPLOYMENT_TARGET = 18.2;
				LOCALIZATION_PREFERS_STRING_CATALOGS = YES;
				MTL_ENABLE_DEBUG_INFO = NO;
				MTL_FAST_MATH = YES;
				SDKROOT = iphoneos;
				SWIFT_COMPILATION_MODE = wholemodule;
				VALIDATE_PRODUCT = YES;
			};
			name = Release;
		};
		DC20CD992D41440700B33A84 /* Debug */ = {
			isa = XCBuildConfiguration;
			buildSettings = {
				BUNDLE_LOADER = "$(TEST_HOST)";
				CODE_SIGN_STYLE = Automatic;
				CURRENT_PROJECT_VERSION = 1;
				GENERATE_INFOPLIST_FILE = YES;
				IPHONEOS_DEPLOYMENT_TARGET = 18.2;
				MARKETING_VERSION = 1.0;
				PRODUCT_BUNDLE_IDENTIFIER = com.HaydenBoss.XCodeExampleTests;
				PRODUCT_NAME = "$(TARGET_NAME)";
				SWIFT_EMIT_LOC_STRINGS = NO;
				SWIFT_VERSION = 5.0;
				TARGETED_DEVICE_FAMILY = "1,2";
				TEST_HOST = "$(BUILT_PRODUCTS_DIR)/XCodeExample.app/$(BUNDLE_EXECUTABLE_FOLDER_PATH)/XCodeExample";
			};
			name = Debug;
		};
		DC20CD9A2D41440700B33A84 /* Release */ = {
			isa = XCBuildConfiguration;
			buildSettings = {
				BUNDLE_LOADER = "$(TEST_HOST)";
				CODE_SIGN_STYLE = Automatic;
				CURRENT_PROJECT_VERSION = 1;
				GENERATE_INFOPLIST_FILE = YES;
				IPHONEOS_DEPLOYMENT_TARGET = 18.2;
				MARKETING_VERSION = 1.0;
				PRODUCT_BUNDLE_IDENTIFIER = com.HaydenBoss.XCodeExampleTests;
				PRODUCT_NAME = "$(TARGET_NAME)";
				SWIFT_EMIT_LOC_STRINGS = NO;
				SWIFT_VERSION = 5.0;
				TARGETED_DEVICE_FAMILY = "1,2";
				TEST_HOST = "$(BUILT_PRODUCTS_DIR)/XCodeExample.app/$(BUNDLE_EXECUTABLE_FOLDER_PATH)/XCodeExample";
			};
			name = Release;
		};
		DC20CD9C2D41440700B33A84 /* Debug */ = {
			isa = XCBuildConfiguration;
			buildSettings = {
				CODE_SIGN_STYLE = Automatic;
				CURRENT_PROJECT_VERSION = 1;
				GENERATE_INFOPLIST_FILE = YES;
				MARKETING_VERSION = 1.0;
				PRODUCT_BUNDLE_IDENTIFIER = com.HaydenBoss.XCodeExampleUITests;
				PRODUCT_NAME = "$(TARGET_NAME)";
				SWIFT_EMIT_LOC_STRINGS = NO;
				SWIFT_VERSION = 5.0;
				TARGETED_DEVICE_FAMILY = "1,2";
				TEST_TARGET_NAME = XCodeExample;
			};
			name = Debug;
		};
		DC20CD9D2D41440700B33A84 /* Release */ = {
			isa = XCBuildConfiguration;
			buildSettings = {
				CODE_SIGN_STYLE = Automatic;
				CURRENT_PROJECT_VERSION = 1;
				GENERATE_INFOPLIST_FILE = YES;
				MARKETING_VERSION = 1.0;
				PRODUCT_BUNDLE_IDENTIFIER = com.HaydenBoss.XCodeExampleUITests;
				PRODUCT_NAME = "$(TARGET_NAME)";
				SWIFT_EMIT_LOC_STRINGS = NO;
				SWIFT_VERSION = 5.0;
				TARGETED_DEVICE_FAMILY = "1,2";
				TEST_TARGET_NAME = XCodeExample;
			};
			name = Release;
		};
/* End XCBuildConfiguration section */

/* Begin XCConfigurationList section */
		DC20CD652D41440700B33A84 /* Build configuration list for PBXProject "XCodeExample" */ = {
			isa = XCConfigurationList;
			buildConfigurations = (
				DC20CD962D41440700B33A84 /* Debug */,
				DC20CD972D41440700B33A84 /* Release */,
			);
			defaultConfigurationIsVisible = 0;
			defaultConfigurationName = Release;
		};
		DC20CD932D41440700B33A84 /* Build configuration list for PBXNativeTarget "XCodeExample" */ = {
			isa = XCConfigurationList;
			buildConfigurations = (
				DC20CD942D41440700B33A84 /* Debug */,
				DC20CD952D41440700B33A84 /* Release */,
			);
			defaultConfigurationIsVisible = 0;
			defaultConfigurationName = Release;
		};
		DC20CD982D41440700B33A84 /* Build configuration list for PBXNativeTarget "XCodeExampleTests" */ = {
			isa = XCConfigurationList;
			buildConfigurations = (
				DC20CD992D41440700B33A84 /* Debug */,
				DC20CD9A2D41440700B33A84 /* Release */,
			);
			defaultConfigurationIsVisible = 0;
			defaultConfigurationName = Release;
		};
		DC20CD9B2D41440700B33A84 /* Build configuration list for PBXNativeTarget "XCodeExampleUITests" */ = {
			isa = XCConfigurationList;
			buildConfigurations = (
				DC20CD9C2D41440700B33A84 /* Debug */,
				DC20CD9D2D41440700B33A84 /* Release */,
			);
			defaultConfigurationIsVisible = 0;
			defaultConfigurationName = Release;
		};
/* End XCConfigurationList section */
	};
	rootObject = DC20CD622D41440700B33A84 /* Project object */;
}
